
Microsoft Visual Studio Solution File, Format Version 11.00
# Visual Studio 2010
Project("{FAE04EC0-301F-11D3-BF4B-00C04F79EFBC}") = "PVDataProcessor", "PVDataProcessor.csproj", "{A5CFC0A3-C78A-4025-949A-26917D950406}"
EndProject
Project("{FAE04EC0-301F-11D3-BF4B-00C04F79EFBC}") = "filesavetest", "..\filesavetest\filesavetest.csproj", "{33F1A5E0-A8ED-4E01-B1EA-7B126CCDC088}"
EndProject
Project("{2150E333-8FDC-42A3-9474-1A3956D46DE8}") = "Solution Items", "Solution Items", "{6F53A7CB-FBE7-4DC7-AB53-863B64FE2D4B}"
	ProjectSection(SolutionItems) = preProject
		Local.testsettings = Local.testsettings
		PVDataProcessor.vsmdi = PVDataProcessor.vsmdi
		TraceAndTestImpact.testsettings = TraceAndTestImpact.testsettings
	EndProjectSection
EndProject
Global
	GlobalSection(TestCaseManagementSettings) = postSolution
		CategoryFile = PVDataProcessor.vsmdi
	EndGlobalSection
	GlobalSection(SolutionConfigurationPlatforms) = preSolution
		Debug|Any CPU = Debug|Any CPU
		Debug|Mixed Platforms = Debug|Mixed Platforms
		Debug|x86 = Debug|x86
		Release|Any CPU = Release|Any CPU
		Release|Mixed Platforms = Release|Mixed Platforms
		Release|x86 = Release|x86
	EndGlobalSection
	GlobalSection(ProjectConfigurationPlatforms) = postSolution
		{A5CFC0A3-C78A-4025-949A-26917D950406}.Debug|Any CPU.ActiveCfg = Debug|x86
		{A5CFC0A3-C78A-4025-949A-26917D950406}.Debug|Mixed Platforms.ActiveCfg = Debug|x86
		{A5CFC0A3-C78A-4025-949A-26917D950406}.Debug|Mixed Platforms.Build.0 = Debug|x86
		{A5CFC0A3-C78A-4025-949A-26917D950406}.Debug|x86.ActiveCfg = Debug|x86
		{A5CFC0A3-C78A-4025-949A-26917D950406}.Debug|x86.Build.0 = Debug|x86
		{A5CFC0A3-C78A-4025-949A-26917D950406}.Release|Any CPU.ActiveCfg = Release|x86
		{A5CFC0A3-C78A-4025-949A-26917D950406}.Release|Mixed Platforms.ActiveCfg = Release|x86
		{A5CFC0A3-C78A-4025-949A-26917D950406}.Release|Mixed Platforms.Build.0 = Release|x86
		{A5CFC0A3-C78A-4025-949A-26917D950406}.Release|x86.ActiveCfg = Release|x86
		{A5CFC0A3-C78A-4025-949A-26917D950406}.Release|x86.Build.0 = Release|x86
		{33F1A5E0-A8ED-4E01-B1EA-7B126CCDC088}.Debug|Any CPU.ActiveCfg = Debug|Any CPU
		{33F1A5E0-A8ED-4E01-B1EA-7B126CCDC088}.Debug|Any CPU.Build.0 = Debug|Any CPU
		{33F1A5E0-A8ED-4E01-B1EA-7B126CCDC088}.Debug|Mixed Platforms.ActiveCfg = Debug|Any CPU
		{33F1A5E0-A8ED-4E01-B1EA-7B126CCDC088}.Debug|Mixed Platforms.Build.0 = Debug|Any CPU
		{33F1A5E0-A8ED-4E01-B1EA-7B126CCDC088}.Debug|x86.ActiveCfg = Debug|Any CPU
		{33F1A5E0-A8ED-4E01-B1EA-7B126CCDC088}.Release|Any CPU.ActiveCfg = Release|Any CPU
		{33F1A5E0-A8ED-4E01-B1EA-7B126CCDC088}.Release|Any CPU.Build.0 = Release|Any CPU
		{33F1A5E0-A8ED-4E01-B1EA-7B126CCDC088}.Release|Mixed Platforms.ActiveCfg = Release|Any CPU
		{33F1A5E0-A8ED-4E01-B1EA-7B126CCDC088}.Release|Mixed Platforms.Build.0 = Release|Any CPU
		{33F1A5E0-A8ED-4E01-B1EA-7B126CCDC088}.Release|x86.ActiveCfg = Release|Any CPU
	EndGlobalSection
	GlobalSection(SolutionProperties) = preSolution
		HideSolutionNode = FALSE
	EndGlobalSection
EndGlobal
